
Microsoft Visual Studio Solution File, Format Version 12.00
# Visual Studio Version 17
VisualStudioVersion = 17.0.31611.283
MinimumVisualStudioVersion = 10.0.40219.1
Project("{9A19103F-16F7-4668-BE54-9A1E7A4F7556}") = "TestMauiSample", "TestMauiSample\TestMauiSample.csproj", "{75654733-60A3-41A6-9C75-B4D3644527D2}"
EndProject
Project("{2150E333-8FDC-42A3-9474-1A3956D46DE8}") = "ソリューション項目", "ソリューション項目", "{1AC2D7E3-71E8-41CE-8C57-7E0A59F0E6A3}"
	ProjectSection(SolutionItems) = preProject
		.gitignore = .gitignore
		README.md = README.md
	EndProjectSection
EndProject
Project("{9A19103F-16F7-4668-BE54-9A1E7A4F7556}") = "UiLabel", "UiLabel\UiLabel.csproj", "{B36AC2F2-04EE-4464-B74F-D993DA001C65}"
EndProject
Project("{9A19103F-16F7-4668-BE54-9A1E7A4F7556}") = "UiButton", "UiButton\UiButton.csproj", "{7EC19359-163F-4B80-A2FD-41E7BF702250}"
EndProject
Project("{9A19103F-16F7-4668-BE54-9A1E7A4F7556}") = "UiEntry", "UiEntry\UiEntry.csproj", "{BDF39616-C762-4462-B233-06ECD8A95727}"
EndProject
Project("{9A19103F-16F7-4668-BE54-9A1E7A4F7556}") = "UiAnimation", "UiAnimation\UiAnimation.csproj", "{C0789FE4-51B2-4CC4-99E2-7932096FC5CA}"
EndProject
Project("{9A19103F-16F7-4668-BE54-9A1E7A4F7556}") = "UiBrush", "UiBrush\UiBrush.csproj", "{C7BEDA12-7BC6-4369-9D89-BF95A2548936}"
EndProject
Project("{9A19103F-16F7-4668-BE54-9A1E7A4F7556}") = "UiGrid", "UiGrid\UiGrid.csproj", "{FC9FD7B7-A95F-4870-BB84-973F63069536}"
EndProject
Project("{9A19103F-16F7-4668-BE54-9A1E7A4F7556}") = "UiStack", "UiStack\UiStack.csproj", "{2DBF1A3E-C000-46A8-A3E0-14AB41F05722}"
EndProject
Project("{9A19103F-16F7-4668-BE54-9A1E7A4F7556}") = "UiFlex", "UiFlex\UiFlex.csproj", "{019161F2-75D0-4B67-9BB2-47D9E43DE98C}"
EndProject
Project("{9A19103F-16F7-4668-BE54-9A1E7A4F7556}") = "UiNavigation", "UiNavigation\UiNavigation.csproj", "{3F85D0E5-6416-47AD-963D-716EE4628B08}"
EndProject
Project("{9A19103F-16F7-4668-BE54-9A1E7A4F7556}") = "UiPopup", "UiPopup\UiPopup.csproj", "{B8C45F4C-7B89-4704-AC98-022665972525}"
EndProject
Project("{9A19103F-16F7-4668-BE54-9A1E7A4F7556}") = "UiGraphics", "UiGraphics\UiGraphics.csproj", "{0EBC9F28-33F4-4ED1-BF6D-D2B054461EF1}"
EndProject
Project("{9A19103F-16F7-4668-BE54-9A1E7A4F7556}") = "UiTheme", "UiTheme\UiTheme.csproj", "{0E96D075-29E1-425A-A53B-236B82E9C6E6}"
EndProject
Project("{9A19103F-16F7-4668-BE54-9A1E7A4F7556}") = "UiListView", "UiListView\UiListView.csproj", "{0B891E97-5406-4BBB-88F6-42CAEA214994}"
EndProject
Project("{9A19103F-16F7-4668-BE54-9A1E7A4F7556}") = "UiCollectionView", "UiCollectionView\UiCollectionView.csproj", "{20E74C11-5DDB-428B-8696-4AF2C58E39E3}"
EndProject
Project("{9A19103F-16F7-4668-BE54-9A1E7A4F7556}") = "UiPicker", "UiPicker\UiPicker.csproj", "{488C8B69-E52B-47E9-9CB0-982D459F782B}"
EndProject
Project("{9A19103F-16F7-4668-BE54-9A1E7A4F7556}") = "UiSwitch", "UiSwitch\UiSwitch.csproj", "{B2E5A758-8336-419A-879B-B06670CA3573}"
EndProject
Project("{9A19103F-16F7-4668-BE54-9A1E7A4F7556}") = "DatePicker", "DatePicker\DatePicker.csproj", "{AF4D054D-8F5D-482F-9CD2-AC09CE5F4BE5}"
EndProject
Project("{FAE04EC0-301F-11D3-BF4B-00C04F79EFBC}") = "MvvmBasic", "MvvmBasic\MvvmBasic.csproj", "{D3C70EA0-5BA7-432E-9F46-501BD8413B53}"
EndProject
Global
	GlobalSection(SolutionConfigurationPlatforms) = preSolution
		Debug|Any CPU = Debug|Any CPU
		Release|Any CPU = Release|Any CPU
	EndGlobalSection
	GlobalSection(ProjectConfigurationPlatforms) = postSolution
		{75654733-60A3-41A6-9C75-B4D3644527D2}.Debug|Any CPU.ActiveCfg = Debug|Any CPU
		{75654733-60A3-41A6-9C75-B4D3644527D2}.Debug|Any CPU.Build.0 = Debug|Any CPU
		{75654733-60A3-41A6-9C75-B4D3644527D2}.Debug|Any CPU.Deploy.0 = Debug|Any CPU
		{75654733-60A3-41A6-9C75-B4D3644527D2}.Release|Any CPU.ActiveCfg = Release|Any CPU
		{75654733-60A3-41A6-9C75-B4D3644527D2}.Release|Any CPU.Build.0 = Release|Any CPU
		{75654733-60A3-41A6-9C75-B4D3644527D2}.Release|Any CPU.Deploy.0 = Release|Any CPU
		{B36AC2F2-04EE-4464-B74F-D993DA001C65}.Debug|Any CPU.ActiveCfg = Debug|Any CPU
		{B36AC2F2-04EE-4464-B74F-D993DA001C65}.Debug|Any CPU.Build.0 = Debug|Any CPU
		{B36AC2F2-04EE-4464-B74F-D993DA001C65}.Debug|Any CPU.Deploy.0 = Debug|Any CPU
		{B36AC2F2-04EE-4464-B74F-D993DA001C65}.Release|Any CPU.ActiveCfg = Release|Any CPU
		{B36AC2F2-04EE-4464-B74F-D993DA001C65}.Release|Any CPU.Build.0 = Release|Any CPU
		{B36AC2F2-04EE-4464-B74F-D993DA001C65}.Release|Any CPU.Deploy.0 = Release|Any CPU
		{7EC19359-163F-4B80-A2FD-41E7BF702250}.Debug|Any CPU.ActiveCfg = Debug|Any CPU
		{7EC19359-163F-4B80-A2FD-41E7BF702250}.Debug|Any CPU.Build.0 = Debug|Any CPU
		{7EC19359-163F-4B80-A2FD-41E7BF702250}.Debug|Any CPU.Deploy.0 = Debug|Any CPU
		{7EC19359-163F-4B80-A2FD-41E7BF702250}.Release|Any CPU.ActiveCfg = Release|Any CPU
		{7EC19359-163F-4B80-A2FD-41E7BF702250}.Release|Any CPU.Build.0 = Release|Any CPU
		{7EC19359-163F-4B80-A2FD-41E7BF702250}.Release|Any CPU.Deploy.0 = Release|Any CPU
		{BDF39616-C762-4462-B233-06ECD8A95727}.Debug|Any CPU.ActiveCfg = Debug|Any CPU
		{BDF39616-C762-4462-B233-06ECD8A95727}.Debug|Any CPU.Build.0 = Debug|Any CPU
		{BDF39616-C762-4462-B233-06ECD8A95727}.Debug|Any CPU.Deploy.0 = Debug|Any CPU
		{BDF39616-C762-4462-B233-06ECD8A95727}.Release|Any CPU.ActiveCfg = Release|Any CPU
		{BDF39616-C762-4462-B233-06ECD8A95727}.Release|Any CPU.Build.0 = Release|Any CPU
		{BDF39616-C762-4462-B233-06ECD8A95727}.Release|Any CPU.Deploy.0 = Release|Any CPU
		{C0789FE4-51B2-4CC4-99E2-7932096FC5CA}.Debug|Any CPU.ActiveCfg = Debug|Any CPU
		{C0789FE4-51B2-4CC4-99E2-7932096FC5CA}.Debug|Any CPU.Build.0 = Debug|Any CPU
		{C0789FE4-51B2-4CC4-99E2-7932096FC5CA}.Debug|Any CPU.Deploy.0 = Debug|Any CPU
		{C0789FE4-51B2-4CC4-99E2-7932096FC5CA}.Release|Any CPU.ActiveCfg = Release|Any CPU
		{C0789FE4-51B2-4CC4-99E2-7932096FC5CA}.Release|Any CPU.Build.0 = Release|Any CPU
		{C0789FE4-51B2-4CC4-99E2-7932096FC5CA}.Release|Any CPU.Deploy.0 = Release|Any CPU
		{C7BEDA12-7BC6-4369-9D89-BF95A2548936}.Debug|Any CPU.ActiveCfg = Debug|Any CPU
		{C7BEDA12-7BC6-4369-9D89-BF95A2548936}.Debug|Any CPU.Build.0 = Debug|Any CPU
		{C7BEDA12-7BC6-4369-9D89-BF95A2548936}.Debug|Any CPU.Deploy.0 = Debug|Any CPU
		{C7BEDA12-7BC6-4369-9D89-BF95A2548936}.Release|Any CPU.ActiveCfg = Release|Any CPU
		{C7BEDA12-7BC6-4369-9D89-BF95A2548936}.Release|Any CPU.Build.0 = Release|Any CPU
		{C7BEDA12-7BC6-4369-9D89-BF95A2548936}.Release|Any CPU.Deploy.0 = Release|Any CPU
		{FC9FD7B7-A95F-4870-BB84-973F63069536}.Debug|Any CPU.ActiveCfg = Debug|Any CPU
		{FC9FD7B7-A95F-4870-BB84-973F63069536}.Debug|Any CPU.Build.0 = Debug|Any CPU
		{FC9FD7B7-A95F-4870-BB84-973F63069536}.Debug|Any CPU.Deploy.0 = Debug|Any CPU
		{FC9FD7B7-A95F-4870-BB84-973F63069536}.Release|Any CPU.ActiveCfg = Release|Any CPU
		{FC9FD7B7-A95F-4870-BB84-973F63069536}.Release|Any CPU.Build.0 = Release|Any CPU
		{FC9FD7B7-A95F-4870-BB84-973F63069536}.Release|Any CPU.Deploy.0 = Release|Any CPU
		{2DBF1A3E-C000-46A8-A3E0-14AB41F05722}.Debug|Any CPU.ActiveCfg = Debug|Any CPU
		{2DBF1A3E-C000-46A8-A3E0-14AB41F05722}.Debug|Any CPU.Build.0 = Debug|Any CPU
		{2DBF1A3E-C000-46A8-A3E0-14AB41F05722}.Release|Any CPU.ActiveCfg = Release|Any CPU
		{2DBF1A3E-C000-46A8-A3E0-14AB41F05722}.Release|Any CPU.Build.0 = Release|Any CPU
		{019161F2-75D0-4B67-9BB2-47D9E43DE98C}.Debug|Any CPU.ActiveCfg = Debug|Any CPU
		{019161F2-75D0-4B67-9BB2-47D9E43DE98C}.Debug|Any CPU.Build.0 = Debug|Any CPU
		{019161F2-75D0-4B67-9BB2-47D9E43DE98C}.Release|Any CPU.ActiveCfg = Release|Any CPU
		{019161F2-75D0-4B67-9BB2-47D9E43DE98C}.Release|Any CPU.Build.0 = Release|Any CPU
		{3F85D0E5-6416-47AD-963D-716EE4628B08}.Debug|Any CPU.ActiveCfg = Debug|Any CPU
		{3F85D0E5-6416-47AD-963D-716EE4628B08}.Debug|Any CPU.Build.0 = Debug|Any CPU
		{3F85D0E5-6416-47AD-963D-716EE4628B08}.Debug|Any CPU.Deploy.0 = Debug|Any CPU
		{3F85D0E5-6416-47AD-963D-716EE4628B08}.Release|Any CPU.ActiveCfg = Release|Any CPU
		{3F85D0E5-6416-47AD-963D-716EE4628B08}.Release|Any CPU.Build.0 = Release|Any CPU
		{3F85D0E5-6416-47AD-963D-716EE4628B08}.Release|Any CPU.Deploy.0 = Release|Any CPU
		{B8C45F4C-7B89-4704-AC98-022665972525}.Debug|Any CPU.ActiveCfg = Debug|Any CPU
		{B8C45F4C-7B89-4704-AC98-022665972525}.Debug|Any CPU.Build.0 = Debug|Any CPU
		{B8C45F4C-7B89-4704-AC98-022665972525}.Debug|Any CPU.Deploy.0 = Debug|Any CPU
		{B8C45F4C-7B89-4704-AC98-022665972525}.Release|Any CPU.ActiveCfg = Release|Any CPU
		{B8C45F4C-7B89-4704-AC98-022665972525}.Release|Any CPU.Build.0 = Release|Any CPU
		{B8C45F4C-7B89-4704-AC98-022665972525}.Release|Any CPU.Deploy.0 = Release|Any CPU
		{0EBC9F28-33F4-4ED1-BF6D-D2B054461EF1}.Debug|Any CPU.ActiveCfg = Debug|Any CPU
		{0EBC9F28-33F4-4ED1-BF6D-D2B054461EF1}.Debug|Any CPU.Build.0 = Debug|Any CPU
		{0EBC9F28-33F4-4ED1-BF6D-D2B054461EF1}.Debug|Any CPU.Deploy.0 = Debug|Any CPU
		{0EBC9F28-33F4-4ED1-BF6D-D2B054461EF1}.Release|Any CPU.ActiveCfg = Release|Any CPU
		{0EBC9F28-33F4-4ED1-BF6D-D2B054461EF1}.Release|Any CPU.Build.0 = Release|Any CPU
		{0EBC9F28-33F4-4ED1-BF6D-D2B054461EF1}.Release|Any CPU.Deploy.0 = Release|Any CPU
		{0E96D075-29E1-425A-A53B-236B82E9C6E6}.Debug|Any CPU.ActiveCfg = Debug|Any CPU
		{0E96D075-29E1-425A-A53B-236B82E9C6E6}.Debug|Any CPU.Build.0 = Debug|Any CPU
		{0E96D075-29E1-425A-A53B-236B82E9C6E6}.Debug|Any CPU.Deploy.0 = Debug|Any CPU
		{0E96D075-29E1-425A-A53B-236B82E9C6E6}.Release|Any CPU.ActiveCfg = Release|Any CPU
		{0E96D075-29E1-425A-A53B-236B82E9C6E6}.Release|Any CPU.Build.0 = Release|Any CPU
		{0E96D075-29E1-425A-A53B-236B82E9C6E6}.Release|Any CPU.Deploy.0 = Release|Any CPU
		{0B891E97-5406-4BBB-88F6-42CAEA214994}.Debug|Any CPU.ActiveCfg = Debug|Any CPU
		{0B891E97-5406-4BBB-88F6-42CAEA214994}.Debug|Any CPU.Build.0 = Debug|Any CPU
		{0B891E97-5406-4BBB-88F6-42CAEA214994}.Debug|Any CPU.Deploy.0 = Debug|Any CPU
		{0B891E97-5406-4BBB-88F6-42CAEA214994}.Release|Any CPU.ActiveCfg = Release|Any CPU
		{0B891E97-5406-4BBB-88F6-42CAEA214994}.Release|Any CPU.Build.0 = Release|Any CPU
		{0B891E97-5406-4BBB-88F6-42CAEA214994}.Release|Any CPU.Deploy.0 = Release|Any CPU
		{20E74C11-5DDB-428B-8696-4AF2C58E39E3}.Debug|Any CPU.ActiveCfg = Debug|Any CPU
		{20E74C11-5DDB-428B-8696-4AF2C58E39E3}.Debug|Any CPU.Build.0 = Debug|Any CPU
		{20E74C11-5DDB-428B-8696-4AF2C58E39E3}.Debug|Any CPU.Deploy.0 = Debug|Any CPU
		{20E74C11-5DDB-428B-8696-4AF2C58E39E3}.Release|Any CPU.ActiveCfg = Release|Any CPU
		{20E74C11-5DDB-428B-8696-4AF2C58E39E3}.Release|Any CPU.Build.0 = Release|Any CPU
		{20E74C11-5DDB-428B-8696-4AF2C58E39E3}.Release|Any CPU.Deploy.0 = Release|Any CPU
		{488C8B69-E52B-47E9-9CB0-982D459F782B}.Debug|Any CPU.ActiveCfg = Debug|Any CPU
		{488C8B69-E52B-47E9-9CB0-982D459F782B}.Debug|Any CPU.Build.0 = Debug|Any CPU
		{488C8B69-E52B-47E9-9CB0-982D459F782B}.Debug|Any CPU.Deploy.0 = Debug|Any CPU
		{488C8B69-E52B-47E9-9CB0-982D459F782B}.Release|Any CPU.ActiveCfg = Release|Any CPU
		{488C8B69-E52B-47E9-9CB0-982D459F782B}.Release|Any CPU.Build.0 = Release|Any CPU
		{488C8B69-E52B-47E9-9CB0-982D459F782B}.Release|Any CPU.Deploy.0 = Release|Any CPU
		{B2E5A758-8336-419A-879B-B06670CA3573}.Debug|Any CPU.ActiveCfg = Debug|Any CPU
		{B2E5A758-8336-419A-879B-B06670CA3573}.Debug|Any CPU.Build.0 = Debug|Any CPU
		{B2E5A758-8336-419A-879B-B06670CA3573}.Debug|Any CPU.Deploy.0 = Debug|Any CPU
		{B2E5A758-8336-419A-879B-B06670CA3573}.Release|Any CPU.ActiveCfg = Release|Any CPU
		{B2E5A758-8336-419A-879B-B06670CA3573}.Release|Any CPU.Build.0 = Release|Any CPU
		{B2E5A758-8336-419A-879B-B06670CA3573}.Release|Any CPU.Deploy.0 = Release|Any CPU
		{AF4D054D-8F5D-482F-9CD2-AC09CE5F4BE5}.Debug|Any CPU.ActiveCfg = Debug|Any CPU
		{AF4D054D-8F5D-482F-9CD2-AC09CE5F4BE5}.Debug|Any CPU.Build.0 = Debug|Any CPU
		{AF4D054D-8F5D-482F-9CD2-AC09CE5F4BE5}.Debug|Any CPU.Deploy.0 = Debug|Any CPU
		{AF4D054D-8F5D-482F-9CD2-AC09CE5F4BE5}.Release|Any CPU.ActiveCfg = Release|Any CPU
		{AF4D054D-8F5D-482F-9CD2-AC09CE5F4BE5}.Release|Any CPU.Build.0 = Release|Any CPU
		{AF4D054D-8F5D-482F-9CD2-AC09CE5F4BE5}.Release|Any CPU.Deploy.0 = Release|Any CPU
		{D3C70EA0-5BA7-432E-9F46-501BD8413B53}.Debug|Any CPU.ActiveCfg = Debug|Any CPU
		{D3C70EA0-5BA7-432E-9F46-501BD8413B53}.Debug|Any CPU.Build.0 = Debug|Any CPU
		{D3C70EA0-5BA7-432E-9F46-501BD8413B53}.Debug|Any CPU.Deploy.0 = Debug|Any CPU
		{D3C70EA0-5BA7-432E-9F46-501BD8413B53}.Release|Any CPU.ActiveCfg = Release|Any CPU
		{D3C70EA0-5BA7-432E-9F46-501BD8413B53}.Release|Any CPU.Build.0 = Release|Any CPU
		{D3C70EA0-5BA7-432E-9F46-501BD8413B53}.Release|Any CPU.Deploy.0 = Release|Any CPU
	EndGlobalSection
	GlobalSection(SolutionProperties) = preSolution
		HideSolutionNode = FALSE
	EndGlobalSection
	GlobalSection(ExtensibilityGlobals) = postSolution
		SolutionGuid = {61F7FB11-1E47-470C-91E2-47F8143E1572}
	EndGlobalSection
EndGlobal
